
Microsoft Visual Studio Solution File, Format Version 12.00
# Visual Studio Version 16
VisualStudioVersion = 16.0.28902.138
MinimumVisualStudioVersion = 10.0.40219.1
Project("{9A19103F-16F7-4668-BE54-9A1E7A4F7556}") = "ProducerConsumer", "ProducerConsumer\ProducerConsumer.csproj", "{D0E142A2-4D17-452E-B01C-B7018AE2A3B1}"
EndProject
Project("{9A19103F-16F7-4668-BE54-9A1E7A4F7556}") = "Synchronization.Examples.RaceCondition", "ProducerConsumerProblem\Synchronization.Examples.RaceCondition.csproj", "{DC3377B5-6814-43C4-B54F-55678C9D3CB4}"
EndProject
Project("{9A19103F-16F7-4668-BE54-9A1E7A4F7556}") = "OneProducerMultipleConsumers", "OneProducerMultipleConsumers\OneProducerMultipleConsumers.csproj", "{32E89640-7244-41B1-8206-329501319208}"
EndProject
Project("{9A19103F-16F7-4668-BE54-9A1E7A4F7556}") = "Synchronization.Shared", "Synchronization.Shared\Synchronization.Shared.csproj", "{3DAB71CD-88AE-4BCB-A4C9-63A3E617E032}"
EndProject
Project("{9A19103F-16F7-4668-BE54-9A1E7A4F7556}") = "Synchronization.Examples.ClassicProducerConsumer", "Synchonization.Examples.OneConsumerOneProducer\Synchronization.Examples.ClassicProducerConsumer.csproj", "{8A521499-8F17-4829-9D9A-22F35416EA34}"
EndProject
Global
	GlobalSection(SolutionConfigurationPlatforms) = preSolution
		Debug|Any CPU = Debug|Any CPU
		Release|Any CPU = Release|Any CPU
	EndGlobalSection
	GlobalSection(ProjectConfigurationPlatforms) = postSolution
		{D0E142A2-4D17-452E-B01C-B7018AE2A3B1}.Debug|Any CPU.ActiveCfg = Debug|Any CPU
		{D0E142A2-4D17-452E-B01C-B7018AE2A3B1}.Debug|Any CPU.Build.0 = Debug|Any CPU
		{D0E142A2-4D17-452E-B01C-B7018AE2A3B1}.Release|Any CPU.ActiveCfg = Release|Any CPU
		{D0E142A2-4D17-452E-B01C-B7018AE2A3B1}.Release|Any CPU.Build.0 = Release|Any CPU
		{DC3377B5-6814-43C4-B54F-55678C9D3CB4}.Debug|Any CPU.ActiveCfg = Debug|Any CPU
		{DC3377B5-6814-43C4-B54F-55678C9D3CB4}.Debug|Any CPU.Build.0 = Debug|Any CPU
		{DC3377B5-6814-43C4-B54F-55678C9D3CB4}.Release|Any CPU.ActiveCfg = Release|Any CPU
		{DC3377B5-6814-43C4-B54F-55678C9D3CB4}.Release|Any CPU.Build.0 = Release|Any CPU
		{32E89640-7244-41B1-8206-329501319208}.Debug|Any CPU.ActiveCfg = Debug|Any CPU
		{32E89640-7244-41B1-8206-329501319208}.Debug|Any CPU.Build.0 = Debug|Any CPU
		{32E89640-7244-41B1-8206-329501319208}.Release|Any CPU.ActiveCfg = Release|Any CPU
		{32E89640-7244-41B1-8206-329501319208}.Release|Any CPU.Build.0 = Release|Any CPU
		{3DAB71CD-88AE-4BCB-A4C9-63A3E617E032}.Debug|Any CPU.ActiveCfg = Debug|Any CPU
		{3DAB71CD-88AE-4BCB-A4C9-63A3E617E032}.Debug|Any CPU.Build.0 = Debug|Any CPU
		{3DAB71CD-88AE-4BCB-A4C9-63A3E617E032}.Release|Any CPU.ActiveCfg = Release|Any CPU
		{3DAB71CD-88AE-4BCB-A4C9-63A3E617E032}.Release|Any CPU.Build.0 = Release|Any CPU
		{8A521499-8F17-4829-9D9A-22F35416EA34}.Debug|Any CPU.ActiveCfg = Debug|Any CPU
		{8A521499-8F17-4829-9D9A-22F35416EA34}.Debug|Any CPU.Build.0 = Debug|Any CPU
		{8A521499-8F17-4829-9D9A-22F35416EA34}.Release|Any CPU.ActiveCfg = Release|Any CPU
		{8A521499-8F17-4829-9D9A-22F35416EA34}.Release|Any CPU.Build.0 = Release|Any CPU
	EndGlobalSection
	GlobalSection(SolutionProperties) = preSolution
		HideSolutionNode = FALSE
	EndGlobalSection
	GlobalSection(ExtensibilityGlobals) = postSolution
		SolutionGuid = {E96EFBA5-0C90-447C-B76A-D165FE300D38}
	EndGlobalSection
EndGlobal
